
Microsoft Visual Studio Solution File, Format Version 12.00
# Visual Studio Version 16
VisualStudioVersion = 25.0.1704.0
MinimumVisualStudioVersion = 10.0.40219.1
Project("{FAE04EC0-301F-11D3-BF4B-00C04F79EFBC}") = "FirstApp.Android", "FirstApp\FirstApp.Android\FirstApp.Android.csproj", "{AF058D5F-518F-4B9E-8189-0A7B40A9C816}"
EndProject
Project("{FAE04EC0-301F-11D3-BF4B-00C04F79EFBC}") = "FirstApp.iOS", "FirstApp\FirstApp.iOS\FirstApp.iOS.csproj", "{F4C11531-3966-4F03-BBF1-8B18DDD1973B}"
EndProject
Project("{FAE04EC0-301F-11D3-BF4B-00C04F79EFBC}") = "FirstApp", "FirstApp\FirstApp\FirstApp.csproj", "{C837910E-8C50-4079-A3D7-3992ECDD4B77}"
EndProject
Global
	GlobalSection(SolutionConfigurationPlatforms) = preSolution
		Debug|Any CPU = Debug|Any CPU
		Release|Any CPU = Release|Any CPU
		Debug|iPhoneSimulator = Debug|iPhoneSimulator
		Release|iPhoneSimulator = Release|iPhoneSimulator
		Debug|iPhone = Debug|iPhone
		Release|iPhone = Release|iPhone
	EndGlobalSection
	GlobalSection(ProjectConfigurationPlatforms) = postSolution
		{AF058D5F-518F-4B9E-8189-0A7B40A9C816}.Debug|Any CPU.ActiveCfg = Debug|Any CPU
		{AF058D5F-518F-4B9E-8189-0A7B40A9C816}.Debug|Any CPU.Build.0 = Debug|Any CPU
		{AF058D5F-518F-4B9E-8189-0A7B40A9C816}.Release|Any CPU.ActiveCfg = Release|Any CPU
		{AF058D5F-518F-4B9E-8189-0A7B40A9C816}.Release|Any CPU.Build.0 = Release|Any CPU
		{AF058D5F-518F-4B9E-8189-0A7B40A9C816}.Debug|iPhoneSimulator.ActiveCfg = Debug|Any CPU
		{AF058D5F-518F-4B9E-8189-0A7B40A9C816}.Debug|iPhoneSimulator.Build.0 = Debug|Any CPU
		{AF058D5F-518F-4B9E-8189-0A7B40A9C816}.Release|iPhoneSimulator.ActiveCfg = Release|Any CPU
		{AF058D5F-518F-4B9E-8189-0A7B40A9C816}.Release|iPhoneSimulator.Build.0 = Release|Any CPU
		{AF058D5F-518F-4B9E-8189-0A7B40A9C816}.Debug|iPhone.ActiveCfg = Debug|Any CPU
		{AF058D5F-518F-4B9E-8189-0A7B40A9C816}.Debug|iPhone.Build.0 = Debug|Any CPU
		{AF058D5F-518F-4B9E-8189-0A7B40A9C816}.Release|iPhone.ActiveCfg = Release|Any CPU
		{AF058D5F-518F-4B9E-8189-0A7B40A9C816}.Release|iPhone.Build.0 = Release|Any CPU
		{F4C11531-3966-4F03-BBF1-8B18DDD1973B}.Debug|Any CPU.ActiveCfg = Debug|iPhoneSimulator
		{F4C11531-3966-4F03-BBF1-8B18DDD1973B}.Debug|Any CPU.Build.0 = Debug|iPhoneSimulator
		{F4C11531-3966-4F03-BBF1-8B18DDD1973B}.Release|Any CPU.ActiveCfg = Release|iPhoneSimulator
		{F4C11531-3966-4F03-BBF1-8B18DDD1973B}.Release|Any CPU.Build.0 = Release|iPhoneSimulator
		{F4C11531-3966-4F03-BBF1-8B18DDD1973B}.Debug|iPhoneSimulator.ActiveCfg = Debug|iPhoneSimulator
		{F4C11531-3966-4F03-BBF1-8B18DDD1973B}.Debug|iPhoneSimulator.Build.0 = Debug|iPhoneSimulator
		{F4C11531-3966-4F03-BBF1-8B18DDD1973B}.Release|iPhoneSimulator.ActiveCfg = Release|iPhoneSimulator
		{F4C11531-3966-4F03-BBF1-8B18DDD1973B}.Release|iPhoneSimulator.Build.0 = Release|iPhoneSimulator
		{F4C11531-3966-4F03-BBF1-8B18DDD1973B}.Debug|iPhone.ActiveCfg = Debug|iPhone
		{F4C11531-3966-4F03-BBF1-8B18DDD1973B}.Debug|iPhone.Build.0 = Debug|iPhone
		{F4C11531-3966-4F03-BBF1-8B18DDD1973B}.Release|iPhone.ActiveCfg = Release|iPhone
		{F4C11531-3966-4F03-BBF1-8B18DDD1973B}.Release|iPhone.Build.0 = Release|iPhone
		{C837910E-8C50-4079-A3D7-3992ECDD4B77}.Debug|Any CPU.ActiveCfg = Debug|Any CPU
		{C837910E-8C50-4079-A3D7-3992ECDD4B77}.Debug|Any CPU.Build.0 = Debug|Any CPU
		{C837910E-8C50-4079-A3D7-3992ECDD4B77}.Release|Any CPU.ActiveCfg = Release|Any CPU
		{C837910E-8C50-4079-A3D7-3992ECDD4B77}.Release|Any CPU.Build.0 = Release|Any CPU
		{C837910E-8C50-4079-A3D7-3992ECDD4B77}.Debug|iPhoneSimulator.ActiveCfg = Debug|Any CPU
		{C837910E-8C50-4079-A3D7-3992ECDD4B77}.Debug|iPhoneSimulator.Build.0 = Debug|Any CPU
		{C837910E-8C50-4079-A3D7-3992ECDD4B77}.Release|iPhoneSimulator.ActiveCfg = Release|Any CPU
		{C837910E-8C50-4079-A3D7-3992ECDD4B77}.Release|iPhoneSimulator.Build.0 = Release|Any CPU
		{C837910E-8C50-4079-A3D7-3992ECDD4B77}.Debug|iPhone.ActiveCfg = Debug|Any CPU
		{C837910E-8C50-4079-A3D7-3992ECDD4B77}.Debug|iPhone.Build.0 = Debug|Any CPU
		{C837910E-8C50-4079-A3D7-3992ECDD4B77}.Release|iPhone.ActiveCfg = Release|Any CPU
		{C837910E-8C50-4079-A3D7-3992ECDD4B77}.Release|iPhone.Build.0 = Release|Any CPU
	EndGlobalSection
	GlobalSection(SolutionProperties) = preSolution
		HideSolutionNode = FALSE
	EndGlobalSection
	GlobalSection(ExtensibilityGlobals) = postSolution
		SolutionGuid = {456BAA64-24DE-4488-9D5E-994873B5D05A}
	EndGlobalSection
EndGlobal
